
Microsoft Visual Studio Solution File, Format Version 12.00
# Visual Studio Version 17
VisualStudioVersion = 17.4.33213.308
MinimumVisualStudioVersion = 10.0.40219.1
Project("{9092AA53-FB77-4645-B42D-1CCCA6BD08BD}") = "EventManagement", "EventManagement.njsproj", "{D06ADC50-1474-479C-A0A7-41E829C3FCD4}"
EndProject
Global
	GlobalSection(SolutionConfigurationPlatforms) = preSolution
		Debug|Any CPU = Debug|Any CPU
		Release|Any CPU = Release|Any CPU
	EndGlobalSection
	GlobalSection(ProjectConfigurationPlatforms) = postSolution
		{D06ADC50-1474-479C-A0A7-41E829C3FCD4}.Debug|Any CPU.ActiveCfg = Debug|Any CPU
		{D06ADC50-1474-479C-A0A7-41E829C3FCD4}.Debug|Any CPU.Build.0 = Debug|Any CPU
		{D06ADC50-1474-479C-A0A7-41E829C3FCD4}.Release|Any CPU.ActiveCfg = Release|Any CPU
		{D06ADC50-1474-479C-A0A7-41E829C3FCD4}.Release|Any CPU.Build.0 = Release|Any CPU
	EndGlobalSection
	GlobalSection(SolutionProperties) = preSolution
		HideSolutionNode = FALSE
	EndGlobalSection
	GlobalSection(ExtensibilityGlobals) = postSolution
		SolutionGuid = {CF44C49F-1687-4441-ABE9-148C4CD2BF4E}
	EndGlobalSection
EndGlobal
